// !$*UTF8*$!
{
	archiveVersion = 1;
	classes = {
	};
	objectVersion = 50;
	objects = {

/* Begin PBXBuildFile section */
		8E3F7EAE21ADBC6A00FD3D20 /* AppDelegate.swift in Sources */ = {isa = PBXBuildFile; fileRef = 8E3F7EAD21ADBC6A00FD3D20 /* AppDelegate.swift */; };
		8E3F7EB321ADBC6A00FD3D20 /* Main.storyboard in Resources */ = {isa = PBXBuildFile; fileRef = 8E3F7EB121ADBC6A00FD3D20 /* Main.storyboard */; };
		8E3F7EB521ADBC6B00FD3D20 /* Assets.xcassets in Resources */ = {isa = PBXBuildFile; fileRef = 8E3F7EB421ADBC6B00FD3D20 /* Assets.xcassets */; };
		8E3F7EB821ADBC6B00FD3D20 /* LaunchScreen.storyboard in Resources */ = {isa = PBXBuildFile; fileRef = 8E3F7EB621ADBC6B00FD3D20 /* LaunchScreen.storyboard */; };
		8E3F7EC021ADC1B000FD3D20 /* AddPersonCell.swift in Sources */ = {isa = PBXBuildFile; fileRef = 8E3F7EBF21ADC1B000FD3D20 /* AddPersonCell.swift */; };
		8E3F7EC221ADC1C400FD3D20 /* PersonCell.swift in Sources */ = {isa = PBXBuildFile; fileRef = 8E3F7EC121ADC1C400FD3D20 /* PersonCell.swift */; };
		8E3F7EC421ADC1DA00FD3D20 /* DetailViewController.swift in Sources */ = {isa = PBXBuildFile; fileRef = 8E3F7EC321ADC1DA00FD3D20 /* DetailViewController.swift */; };
		8E3F7EC621ADC1F500FD3D20 /* PersonTableViewController.swift in Sources */ = {isa = PBXBuildFile; fileRef = 8E3F7EC521ADC1F500FD3D20 /* PersonTableViewController.swift */; };
		8E3F7EC821ADC20F00FD3D20 /* Person.swift in Sources */ = {isa = PBXBuildFile; fileRef = 8E3F7EC721ADC20E00FD3D20 /* Person.swift */; };
		8E3F7ECA21ADC21F00FD3D20 /* Model.swift in Sources */ = {isa = PBXBuildFile; fileRef = 8E3F7EC921ADC21F00FD3D20 /* Model.swift */; };
		F35706BD21B9D97E0040D1D2 /* FirebaseModel.swift in Sources */ = {isa = PBXBuildFile; fileRef = F35706BC21B9D97E0040D1D2 /* FirebaseModel.swift */; };
		F35706BF21B9D99A0040D1D2 /* FirebaseItem.swift in Sources */ = {isa = PBXBuildFile; fileRef = F35706BE21B9D99A0040D1D2 /* FirebaseItem.swift */; };
		F35706C121B9D9AB0040D1D2 /* Firebase.swift in Sources */ = {isa = PBXBuildFile; fileRef = F35706C021B9D9AB0040D1D2 /* Firebase.swift */; };
		F35706C321B9D9C10040D1D2 /* Student.swift in Sources */ = {isa = PBXBuildFile; fileRef = F35706C221B9D9C10040D1D2 /* Student.swift */; };
/* End PBXBuildFile section */

/* Begin PBXFileReference section */
		8E3F7EAA21ADBC6A00FD3D20 /* Table.app */ = {isa = PBXFileReference; explicitFileType = wrapper.application; includeInIndex = 0; path = Table.app; sourceTree = BUILT_PRODUCTS_DIR; };
		8E3F7EAD21ADBC6A00FD3D20 /* AppDelegate.swift */ = {isa = PBXFileReference; lastKnownFileType = sourcecode.swift; path = AppDelegate.swift; sourceTree = "<group>"; };
		8E3F7EB221ADBC6A00FD3D20 /* Base */ = {isa = PBXFileReference; lastKnownFileType = file.storyboard; name = Base; path = Base.lproj/Main.storyboard; sourceTree = "<group>"; };
		8E3F7EB421ADBC6B00FD3D20 /* Assets.xcassets */ = {isa = PBXFileReference; lastKnownFileType = folder.assetcatalog; path = Assets.xcassets; sourceTree = "<group>"; };
		8E3F7EB721ADBC6B00FD3D20 /* Base */ = {isa = PBXFileReference; lastKnownFileType = file.storyboard; name = Base; path = Base.lproj/LaunchScreen.storyboard; sourceTree = "<group>"; };
		8E3F7EB921ADBC6B00FD3D20 /* Info.plist */ = {isa = PBXFileReference; lastKnownFileType = text.plist.xml; path = Info.plist; sourceTree = "<group>"; };
		8E3F7EBF21ADC1B000FD3D20 /* AddPersonCell.swift */ = {isa = PBXFileReference; lastKnownFileType = sourcecode.swift; path = AddPersonCell.swift; sourceTree = "<group>"; };
		8E3F7EC121ADC1C400FD3D20 /* PersonCell.swift */ = {isa = PBXFileReference; lastKnownFileType = sourcecode.swift; path = PersonCell.swift; sourceTree = "<group>"; };
		8E3F7EC321ADC1DA00FD3D20 /* DetailViewController.swift */ = {isa = PBXFileReference; lastKnownFileType = sourcecode.swift; path = DetailViewController.swift; sourceTree = "<group>"; };
		8E3F7EC521ADC1F500FD3D20 /* PersonTableViewController.swift */ = {isa = PBXFileReference; lastKnownFileType = sourcecode.swift; path = PersonTableViewController.swift; sourceTree = "<group>"; };
		8E3F7EC721ADC20E00FD3D20 /* Person.swift */ = {isa = PBXFileReference; lastKnownFileType = sourcecode.swift; path = Person.swift; sourceTree = "<group>"; };
		8E3F7EC921ADC21F00FD3D20 /* Model.swift */ = {isa = PBXFileReference; lastKnownFileType = sourcecode.swift; path = Model.swift; sourceTree = "<group>"; };
		F35706BC21B9D97E0040D1D2 /* FirebaseModel.swift */ = {isa = PBXFileReference; lastKnownFileType = sourcecode.swift; path = FirebaseModel.swift; sourceTree = "<group>"; };
		F35706BE21B9D99A0040D1D2 /* FirebaseItem.swift */ = {isa = PBXFileReference; lastKnownFileType = sourcecode.swift; path = FirebaseItem.swift; sourceTree = "<group>"; };
		F35706C021B9D9AB0040D1D2 /* Firebase.swift */ = {isa = PBXFileReference; lastKnownFileType = sourcecode.swift; path = Firebase.swift; sourceTree = "<group>"; };
		F35706C221B9D9C10040D1D2 /* Student.swift */ = {isa = PBXFileReference; lastKnownFileType = sourcecode.swift; path = Student.swift; sourceTree = "<group>"; };
/* End PBXFileReference section */

/* Begin PBXFrameworksBuildPhase section */
		8E3F7EA721ADBC6A00FD3D20 /* Frameworks */ = {
			isa = PBXFrameworksBuildPhase;
			buildActionMask = 2147483647;
			files = (
			);
			runOnlyForDeploymentPostprocessing = 0;
		};
/* End PBXFrameworksBuildPhase section */

/* Begin PBXGroup section */
		8E3F7EA121ADBC6A00FD3D20 = {
			isa = PBXGroup;
			children = (
				8E3F7EAC21ADBC6A00FD3D20 /* Table */,
				8E3F7EAB21ADBC6A00FD3D20 /* Products */,
			);
			sourceTree = "<group>";
		};
		8E3F7EAB21ADBC6A00FD3D20 /* Products */ = {
			isa = PBXGroup;
			children = (
				8E3F7EAA21ADBC6A00FD3D20 /* Table.app */,
			);
			name = Products;
			sourceTree = "<group>";
		};
		8E3F7EAC21ADBC6A00FD3D20 /* Table */ = {
			isa = PBXGroup;
			children = (
				8E3F7EAD21ADBC6A00FD3D20 /* AppDelegate.swift */,
				8E3F7EBF21ADC1B000FD3D20 /* AddPersonCell.swift */,
				8E3F7EC121ADC1C400FD3D20 /* PersonCell.swift */,
				8E3F7EC321ADC1DA00FD3D20 /* DetailViewController.swift */,
				8E3F7EC521ADC1F500FD3D20 /* PersonTableViewController.swift */,
				8E3F7EC721ADC20E00FD3D20 /* Person.swift */,
				8E3F7EC921ADC21F00FD3D20 /* Model.swift */,
				8E3F7EB121ADBC6A00FD3D20 /* Main.storyboard */,
				F35706BC21B9D97E0040D1D2 /* FirebaseModel.swift */,
				F35706BE21B9D99A0040D1D2 /* FirebaseItem.swift */,
				F35706C021B9D9AB0040D1D2 /* Firebase.swift */,
				F35706C221B9D9C10040D1D2 /* Student.swift */,
				8E3F7EB421ADBC6B00FD3D20 /* Assets.xcassets */,
				8E3F7EB621ADBC6B00FD3D20 /* LaunchScreen.storyboard */,
				8E3F7EB921ADBC6B00FD3D20 /* Info.plist */,
			);
			path = Table;
			sourceTree = "<group>";
		};
/* End PBXGroup section */

/* Begin PBXNativeTarget section */
		8E3F7EA921ADBC6A00FD3D20 /* Table */ = {
			isa = PBXNativeTarget;
			buildConfigurationList = 8E3F7EBC21ADBC6B00FD3D20 /* Build configuration list for PBXNativeTarget "Table" */;
			buildPhases = (
				8E3F7EA621ADBC6A00FD3D20 /* Sources */,
				8E3F7EA721ADBC6A00FD3D20 /* Frameworks */,
				8E3F7EA821ADBC6A00FD3D20 /* Resources */,
			);
			buildRules = (
			);
			dependencies = (
			);
			name = Table;
			productName = Table;
			productReference = 8E3F7EAA21ADBC6A00FD3D20 /* Table.app */;
			productType = "com.apple.product-type.application";
		};
/* End PBXNativeTarget section */

/* Begin PBXProject section */
		8E3F7EA221ADBC6A00FD3D20 /* Project object */ = {
			isa = PBXProject;
			attributes = {
				LastSwiftUpdateCheck = 1010;
				LastUpgradeCheck = 1010;
				ORGANIZATIONNAME = "Erica Sadun";
				TargetAttributes = {
					8E3F7EA921ADBC6A00FD3D20 = {
						CreatedOnToolsVersion = 10.1;
					};
				};
			};
			buildConfigurationList = 8E3F7EA521ADBC6A00FD3D20 /* Build configuration list for PBXProject "Table" */;
			compatibilityVersion = "Xcode 9.3";
			developmentRegion = en;
			hasScannedForEncodings = 0;
			knownRegions = (
				en,
				Base,
			);
			mainGroup = 8E3F7EA121ADBC6A00FD3D20;
			productRefGroup = 8E3F7EAB21ADBC6A00FD3D20 /* Products */;
			projectDirPath = "";
			projectRoot = "";
			targets = (
				8E3F7EA921ADBC6A00FD3D20 /* Table */,
			);
		};
/* End PBXProject section */

/* Begin PBXResourcesBuildPhase section */
		8E3F7EA821ADBC6A00FD3D20 /* Resources */ = {
			isa = PBXResourcesBuildPhase;
			buildActionMask = 2147483647;
			files = (
				8E3F7EB821ADBC6B00FD3D20 /* LaunchScreen.storyboard in Resources */,
				8E3F7EB521ADBC6B00FD3D20 /* Assets.xcassets in Resources */,
				8E3F7EB321ADBC6A00FD3D20 /* Main.storyboard in Resources */,
			);
			runOnlyForDeploymentPostprocessing = 0;
		};
/* End PBXResourcesBuildPhase section */

/* Begin PBXSourcesBuildPhase section */
		8E3F7EA621ADBC6A00FD3D20 /* Sources */ = {
			isa = PBXSourcesBuildPhase;
			buildActionMask = 2147483647;
			files = (
				F35706C121B9D9AB0040D1D2 /* Firebase.swift in Sources */,
				F35706BD21B9D97E0040D1D2 /* FirebaseModel.swift in Sources */,
				8E3F7ECA21ADC21F00FD3D20 /* Model.swift in Sources */,
				F35706C321B9D9C10040D1D2 /* Student.swift in Sources */,
				8E3F7EC821ADC20F00FD3D20 /* Person.swift in Sources */,
				F35706BF21B9D99A0040D1D2 /* FirebaseItem.swift in Sources */,
				8E3F7EC621ADC1F500FD3D20 /* PersonTableViewController.swift in Sources */,
				8E3F7EC221ADC1C400FD3D20 /* PersonCell.swift in Sources */,
				8E3F7EC021ADC1B000FD3D20 /* AddPersonCell.swift in Sources */,
				8E3F7EAE21ADBC6A00FD3D20 /* AppDelegate.swift in Sources */,
				8E3F7EC421ADC1DA00FD3D20 /* DetailViewController.swift in Sources */,
			);
			runOnlyForDeploymentPostprocessing = 0;
		};
/* End PBXSourcesBuildPhase section */

/* Begin PBXVariantGroup section */
		8E3F7EB121ADBC6A00FD3D20 /* Main.storyboard */ = {
			isa = PBXVariantGroup;
			children = (
				8E3F7EB221ADBC6A00FD3D20 /* Base */,
			);
			name = Main.storyboard;
			sourceTree = "<group>";
		};
		8E3F7EB621ADBC6B00FD3D20 /* LaunchScreen.storyboard */ = {
			isa = PBXVariantGroup;
			children = (
				8E3F7EB721ADBC6B00FD3D20 /* Base */,
			);
			name = LaunchScreen.storyboard;
			sourceTree = "<group>";
		};
/* End PBXVariantGroup section */

/* Begin XCBuildConfiguration section */
		8E3F7EBA21ADBC6B00FD3D20 /* Debug */ = {
			isa = XCBuildConfiguration;
			buildSettings = {
				ALWAYS_SEARCH_USER_PATHS = NO;
				CLANG_ANALYZER_NONNULL = YES;
				CLANG_ANALYZER_NUMBER_OBJECT_CONVERSION = YES_AGGRESSIVE;
				CLANG_CXX_LANGUAGE_STANDARD = "gnu++14";
				CLANG_CXX_LIBRARY = "libc++";
				CLANG_ENABLE_MODULES = YES;
				CLANG_ENABLE_OBJC_ARC = YES;
				CLANG_ENABLE_OBJC_WEAK = YES;
				CLANG_WARN_BLOCK_CAPTURE_AUTORELEASING = YES;
				CLANG_WARN_BOOL_CONVERSION = YES;
				CLANG_WARN_COMMA = YES;
				CLANG_WARN_CONSTANT_CONVERSION = YES;
				CLANG_WARN_DEPRECATED_OBJC_IMPLEMENTATIONS = YES;
				CLANG_WARN_DIRECT_OBJC_ISA_USAGE = YES_ERROR;
				CLANG_WARN_DOCUMENTATION_COMMENTS = YES;
				CLANG_WARN_EMPTY_BODY = YES;
				CLANG_WARN_ENUM_CONVERSION = YES;
				CLANG_WARN_INFINITE_RECURSION = YES;
				CLANG_WARN_INT_CONVERSION = YES;
				CLANG_WARN_NON_LITERAL_NULL_CONVERSION = YES;
				CLANG_WARN_OBJC_IMPLICIT_RETAIN_SELF = YES;
				CLANG_WARN_OBJC_LITERAL_CONVERSION = YES;
				CLANG_WARN_OBJC_ROOT_CLASS = YES_ERROR;
				CLANG_WARN_RANGE_LOOP_ANALYSIS = YES;
				CLANG_WARN_STRICT_PROTOTYPES = YES;
				CLANG_WARN_SUSPICIOUS_MOVE = YES;
				CLANG_WARN_UNGUARDED_AVAILABILITY = YES_AGGRESSIVE;
				CLANG_WARN_UNREACHABLE_CODE = YES;
				CLANG_WARN__DUPLICATE_METHOD_MATCH = YES;
				CODE_SIGN_IDENTITY = "iPhone Developer";
				COPY_PHASE_STRIP = NO;
				DEBUG_INFORMATION_FORMAT = dwarf;
				ENABLE_STRICT_OBJC_MSGSEND = YES;
				ENABLE_TESTABILITY = YES;
				GCC_C_LANGUAGE_STANDARD = gnu11;
				GCC_DYNAMIC_NO_PIC = NO;
				GCC_NO_COMMON_BLOCKS = YES;
				GCC_OPTIMIZATION_LEVEL = 0;
				GCC_PREPROCESSOR_DEFINITIONS = (
					"DEBUG=1",
					"$(inherited)",
				);
				GCC_WARN_64_TO_32_BIT_CONVERSION = YES;
				GCC_WARN_ABOUT_RETURN_TYPE = YES_ERROR;
				GCC_WARN_UNDECLARED_SELECTOR = YES;
				GCC_WARN_UNINITIALIZED_AUTOS = YES_AGGRESSIVE;
				GCC_WARN_UNUSED_FUNCTION = YES;
				GCC_WARN_UNUSED_VARIABLE = YES;
				IPHONEOS_DEPLOYMENT_TARGET = 12.1;
				MTL_ENABLE_DEBUG_INFO = INCLUDE_SOURCE;
				MTL_FAST_MATH = YES;
				ONLY_ACTIVE_ARCH = YES;
				SDKROOT = iphoneos;
				SWIFT_ACTIVE_COMPILATION_CONDITIONS = DEBUG;
				SWIFT_OPTIMIZATION_LEVEL = "-Onone";
			};
			name = Debug;
		};
		8E3F7EBB21ADBC6B00FD3D20 /* Release */ = {
			isa = XCBuildConfiguration;
			buildSettings = {
				ALWAYS_SEARCH_USER_PATHS = NO;
				CLANG_ANALYZER_NONNULL = YES;
				CLANG_ANALYZER_NUMBER_OBJECT_CONVERSION = YES_AGGRESSIVE;
				CLANG_CXX_LANGUAGE_STANDARD = "gnu++14";
				CLANG_CXX_LIBRARY = "libc++";
				CLANG_ENABLE_MODULES = YES;
				CLANG_ENABLE_OBJC_ARC = YES;
				CLANG_ENABLE_OBJC_WEAK = YES;
				CLANG_WARN_BLOCK_CAPTURE_AUTORELEASING = YES;
				CLANG_WARN_BOOL_CONVERSION = YES;
				CLANG_WARN_COMMA = YES;
				CLANG_WARN_CONSTANT_CONVERSION = YES;
				CLANG_WARN_DEPRECATED_OBJC_IMPLEMENTATIONS = YES;
				CLANG_WARN_DIRECT_OBJC_ISA_USAGE = YES_ERROR;
				CLANG_WARN_DOCUMENTATION_COMMENTS = YES;
				CLANG_WARN_EMPTY_BODY = YES;
				CLANG_WARN_ENUM_CONVERSION = YES;
				CLANG_WARN_INFINITE_RECURSION = YES;
				CLANG_WARN_INT_CONVERSION = YES;
				CLANG_WARN_NON_LITERAL_NULL_CONVERSION = YES;
				CLANG_WARN_OBJC_IMPLICIT_RETAIN_SELF = YES;
				CLANG_WARN_OBJC_LITERAL_CONVERSION = YES;
				CLANG_WARN_OBJC_ROOT_CLASS = YES_ERROR;
				CLANG_WARN_RANGE_LOOP_ANALYSIS = YES;
				CLANG_WARN_STRICT_PROTOTYPES = YES;
				CLANG_WARN_SUSPICIOUS_MOVE = YES;
				CLANG_WARN_UNGUARDED_AVAILABILITY = YES_AGGRESSIVE;
				CLANG_WARN_UNREACHABLE_CODE = YES;
				CLANG_WARN__DUPLICATE_METHOD_MATCH = YES;
				CODE_SIGN_IDENTITY = "iPhone Developer";
				COPY_PHASE_STRIP = NO;
				DEBUG_INFORMATION_FORMAT = "dwarf-with-dsym";
				ENABLE_NS_ASSERTIONS = NO;
				ENABLE_STRICT_OBJC_MSGSEND = YES;
				GCC_C_LANGUAGE_STANDARD = gnu11;
				GCC_NO_COMMON_BLOCKS = YES;
				GCC_WARN_64_TO_32_BIT_CONVERSION = YES;
				GCC_WARN_ABOUT_RETURN_TYPE = YES_ERROR;
				GCC_WARN_UNDECLARED_SELECTOR = YES;
				GCC_WARN_UNINITIALIZED_AUTOS = YES_AGGRESSIVE;
				GCC_WARN_UNUSED_FUNCTION = YES;
				GCC_WARN_UNUSED_VARIABLE = YES;
				IPHONEOS_DEPLOYMENT_TARGET = 12.1;
				MTL_ENABLE_DEBUG_INFO = NO;
				MTL_FAST_MATH = YES;
				SDKROOT = iphoneos;
				SWIFT_COMPILATION_MODE = wholemodule;
				SWIFT_OPTIMIZATION_LEVEL = "-O";
				VALIDATE_PRODUCT = YES;
			};
			name = Release;
		};
		8E3F7EBD21ADBC6B00FD3D20 /* Debug */ = {
			isa = XCBuildConfiguration;
			buildSettings = {
				ASSETCATALOG_COMPILER_APPICON_NAME = AppIcon;
				CODE_SIGN_STYLE = Automatic;
				DEVELOPMENT_TEAM = 2W4DVPEQ39;
				INFOPLIST_FILE = Table/Info.plist;
				LD_RUNPATH_SEARCH_PATHS = (
					"$(inherited)",
					"@executable_path/Frameworks",
				);
				PRODUCT_BUNDLE_IDENTIFIER = com.sadun.Table;
				PRODUCT_NAME = "$(TARGET_NAME)";
				SWIFT_VERSION = 4.2;
				TARGETED_DEVICE_FAMILY = "1,2";
			};
			name = Debug;
		};
		8E3F7EBE21ADBC6B00FD3D20 /* Release */ = {
			isa = XCBuildConfiguration;
			buildSettings = {
				ASSETCATALOG_COMPILER_APPICON_NAME = AppIcon;
				CODE_SIGN_STYLE = Automatic;
				DEVELOPMENT_TEAM = 2W4DVPEQ39;
				INFOPLIST_FILE = Table/Info.plist;
				LD_RUNPATH_SEARCH_PATHS = (
					"$(inherited)",
					"@executable_path/Frameworks",
				);
				PRODUCT_BUNDLE_IDENTIFIER = com.sadun.Table;
				PRODUCT_NAME = "$(TARGET_NAME)";
				SWIFT_VERSION = 4.2;
				TARGETED_DEVICE_FAMILY = "1,2";
			};
			name = Release;
		};
/* End XCBuildConfiguration section */

/* Begin XCConfigurationList section */
		8E3F7EA521ADBC6A00FD3D20 /* Build configuration list for PBXProject "Table" */ = {
			isa = XCConfigurationList;
			buildConfigurations = (
				8E3F7EBA21ADBC6B00FD3D20 /* Debug */,
				8E3F7EBB21ADBC6B00FD3D20 /* Release */,
			);
			defaultConfigurationIsVisible = 0;
			defaultConfigurationName = Release;
		};
		8E3F7EBC21ADBC6B00FD3D20 /* Build configuration list for PBXNativeTarget "Table" */ = {
			isa = XCConfigurationList;
			buildConfigurations = (
				8E3F7EBD21ADBC6B00FD3D20 /* Debug */,
				8E3F7EBE21ADBC6B00FD3D20 /* Release */,
			);
			defaultConfigurationIsVisible = 0;
			defaultConfigurationName = Release;
		};
/* End XCConfigurationList section */
	};
	rootObject = 8E3F7EA221ADBC6A00FD3D20 /* Project object */;
}
